
Microsoft Visual Studio Solution File, Format Version 12.00
# Visual Studio Version 17
VisualStudioVersion = 17.0.31903.59
MinimumVisualStudioVersion = 10.0.40219.1
Project("{FAE04EC0-301F-11D3-BF4B-00C04F79EFBC}") = "HotelListing.API", "HotelListing.API\HotelListing.API.csproj", "{E2B881B3-F4E2-4A8D-92FE-4D34CC2D2E9A}"
EndProject
Project("{FAE04EC0-301F-11D3-BF4B-00C04F79EFBC}") = "HotelListing.LIB", "HotelListing.LIB\HotelListing.LIB.csproj", "{69159EF8-8F23-4735-9509-F10DF73AD8D3}"
EndProject
Project("{FAE04EC0-301F-11D3-BF4B-00C04F79EFBC}") = "HotelListing.API.Core", "HotelListing.API.Core\HotelListing.API.Core.csproj", "{7899E678-4D15-4902-B5CC-A729953D1881}"
EndProject
Global
	GlobalSection(SolutionConfigurationPlatforms) = preSolution
		Debug|Any CPU = Debug|Any CPU
		Release|Any CPU = Release|Any CPU
	EndGlobalSection
	GlobalSection(SolutionProperties) = preSolution
		HideSolutionNode = FALSE
	EndGlobalSection
	GlobalSection(ProjectConfigurationPlatforms) = postSolution
		{E2B881B3-F4E2-4A8D-92FE-4D34CC2D2E9A}.Debug|Any CPU.ActiveCfg = Debug|Any CPU
		{E2B881B3-F4E2-4A8D-92FE-4D34CC2D2E9A}.Debug|Any CPU.Build.0 = Debug|Any CPU
		{E2B881B3-F4E2-4A8D-92FE-4D34CC2D2E9A}.Release|Any CPU.ActiveCfg = Release|Any CPU
		{E2B881B3-F4E2-4A8D-92FE-4D34CC2D2E9A}.Release|Any CPU.Build.0 = Release|Any CPU
		{69159EF8-8F23-4735-9509-F10DF73AD8D3}.Debug|Any CPU.ActiveCfg = Debug|Any CPU
		{69159EF8-8F23-4735-9509-F10DF73AD8D3}.Debug|Any CPU.Build.0 = Debug|Any CPU
		{69159EF8-8F23-4735-9509-F10DF73AD8D3}.Release|Any CPU.ActiveCfg = Release|Any CPU
		{69159EF8-8F23-4735-9509-F10DF73AD8D3}.Release|Any CPU.Build.0 = Release|Any CPU
		{7899E678-4D15-4902-B5CC-A729953D1881}.Debug|Any CPU.ActiveCfg = Debug|Any CPU
		{7899E678-4D15-4902-B5CC-A729953D1881}.Debug|Any CPU.Build.0 = Debug|Any CPU
		{7899E678-4D15-4902-B5CC-A729953D1881}.Release|Any CPU.ActiveCfg = Release|Any CPU
		{7899E678-4D15-4902-B5CC-A729953D1881}.Release|Any CPU.Build.0 = Release|Any CPU
	EndGlobalSection
EndGlobal
